
Microsoft Visual Studio Solution File, Format Version 12.00
# Visual Studio Version 16
VisualStudioVersion = 16.0.30621.155
MinimumVisualStudioVersion = 10.0.40219.1
Project("{FAE04EC0-301F-11D3-BF4B-00C04F79EFBC}") = "ParallelExample", "Parrallel\ParallelExample.csproj", "{794BF377-F920-40C8-9C1A-362112405582}"
EndProject
Global
	GlobalSection(SolutionConfigurationPlatforms) = preSolution
		Debug|Any CPU = Debug|Any CPU
		Release|Any CPU = Release|Any CPU
	EndGlobalSection
	GlobalSection(ProjectConfigurationPlatforms) = postSolution
		{794BF377-F920-40C8-9C1A-362112405582}.Debug|Any CPU.ActiveCfg = Debug|Any CPU
		{794BF377-F920-40C8-9C1A-362112405582}.Debug|Any CPU.Build.0 = Debug|Any CPU
		{794BF377-F920-40C8-9C1A-362112405582}.Release|Any CPU.ActiveCfg = Release|Any CPU
		{794BF377-F920-40C8-9C1A-362112405582}.Release|Any CPU.Build.0 = Release|Any CPU
	EndGlobalSection
	GlobalSection(SolutionProperties) = preSolution
		HideSolutionNode = FALSE
	EndGlobalSection
	GlobalSection(ExtensibilityGlobals) = postSolution
		SolutionGuid = {F81D5460-F271-44EC-8209-4DDA4EC1A094}
	EndGlobalSection
EndGlobal
